
Microsoft Visual Studio Solution File, Format Version 12.00
# Visual Studio Version 17
VisualStudioVersion = 17.9.34714.143
MinimumVisualStudioVersion = 10.0.40219.1
Project("{FAE04EC0-301F-11D3-BF4B-00C04F79EFBC}") = "EventSample", "EventSample.csproj", "{67239E5B-031F-4C63-B97B-91679E32071F}"
EndProject
Global
	GlobalSection(SolutionConfigurationPlatforms) = preSolution
		Debug|Any CPU = Debug|Any CPU
		Release|Any CPU = Release|Any CPU
	EndGlobalSection
	GlobalSection(ProjectConfigurationPlatforms) = postSolution
		{67239E5B-031F-4C63-B97B-91679E32071F}.Debug|Any CPU.ActiveCfg = Debug|Any CPU
		{67239E5B-031F-4C63-B97B-91679E32071F}.Debug|Any CPU.Build.0 = Debug|Any CPU
		{67239E5B-031F-4C63-B97B-91679E32071F}.Release|Any CPU.ActiveCfg = Release|Any CPU
		{67239E5B-031F-4C63-B97B-91679E32071F}.Release|Any CPU.Build.0 = Release|Any CPU
	EndGlobalSection
	GlobalSection(SolutionProperties) = preSolution
		HideSolutionNode = FALSE
	EndGlobalSection
	GlobalSection(ExtensibilityGlobals) = postSolution
		SolutionGuid = {820D3D9A-F67E-473C-8444-E8CCDF8C73A1}
	EndGlobalSection
EndGlobal
