
Microsoft Visual Studio Solution File, Format Version 12.00
# Visual Studio Version 17
VisualStudioVersion = 17.9.34714.143
MinimumVisualStudioVersion = 10.0.40219.1
Project("{FAE04EC0-301F-11D3-BF4B-00C04F79EFBC}") = "ClassAndInstance", "ClassAndInstance.csproj", "{9337445C-2743-40C7-96A8-4CC5D1CE8C0B}"
EndProject
Global
	GlobalSection(SolutionConfigurationPlatforms) = preSolution
		Debug|Any CPU = Debug|Any CPU
		Release|Any CPU = Release|Any CPU
	EndGlobalSection
	GlobalSection(ProjectConfigurationPlatforms) = postSolution
		{9337445C-2743-40C7-96A8-4CC5D1CE8C0B}.Debug|Any CPU.ActiveCfg = Debug|Any CPU
		{9337445C-2743-40C7-96A8-4CC5D1CE8C0B}.Debug|Any CPU.Build.0 = Debug|Any CPU
		{9337445C-2743-40C7-96A8-4CC5D1CE8C0B}.Release|Any CPU.ActiveCfg = Release|Any CPU
		{9337445C-2743-40C7-96A8-4CC5D1CE8C0B}.Release|Any CPU.Build.0 = Release|Any CPU
	EndGlobalSection
	GlobalSection(SolutionProperties) = preSolution
		HideSolutionNode = FALSE
	EndGlobalSection
	GlobalSection(ExtensibilityGlobals) = postSolution
		SolutionGuid = {078EFA0D-DAEE-4619-BC33-87D64621F560}
	EndGlobalSection
EndGlobal
