
Microsoft Visual Studio Solution File, Format Version 12.00
# Visual Studio Version 17
VisualStudioVersion = 17.9.34714.143
MinimumVisualStudioVersion = 10.0.40219.1
Project("{FAE04EC0-301F-11D3-BF4B-00C04F79EFBC}") = "WpfHelloWorld", "WpfHelloWorld.csproj", "{1E380B9A-E406-4EAE-9A62-08294599CFB6}"
EndProject
Global
	GlobalSection(SolutionConfigurationPlatforms) = preSolution
		Debug|Any CPU = Debug|Any CPU
		Release|Any CPU = Release|Any CPU
	EndGlobalSection
	GlobalSection(ProjectConfigurationPlatforms) = postSolution
		{1E380B9A-E406-4EAE-9A62-08294599CFB6}.Debug|Any CPU.ActiveCfg = Debug|Any CPU
		{1E380B9A-E406-4EAE-9A62-08294599CFB6}.Debug|Any CPU.Build.0 = Debug|Any CPU
		{1E380B9A-E406-4EAE-9A62-08294599CFB6}.Release|Any CPU.ActiveCfg = Release|Any CPU
		{1E380B9A-E406-4EAE-9A62-08294599CFB6}.Release|Any CPU.Build.0 = Release|Any CPU
	EndGlobalSection
	GlobalSection(SolutionProperties) = preSolution
		HideSolutionNode = FALSE
	EndGlobalSection
	GlobalSection(ExtensibilityGlobals) = postSolution
		SolutionGuid = {E2D36361-B2DC-41E3-A86F-3F555708867B}
	EndGlobalSection
EndGlobal
